// !$*UTF8*$!
{
	archiveVersion = 1;
	classes = {
	};
	objectVersion = 46;
	objects = {

/* Begin PBXBuildFile section */
		7D30AC801F5FC7F100C6A724 /* main.m in Sources */ = {isa = PBXBuildFile; fileRef = 7D30AC7F1F5FC7F100C6A724 /* main.m */; };
		7D30AC831F5FC7F100C6A724 /* AppDelegate.m in Sources */ = {isa = PBXBuildFile; fileRef = 7D30AC821F5FC7F100C6A724 /* AppDelegate.m */; };
		7D30AC891F5FC7F100C6A724 /* Main.storyboard in Resources */ = {isa = PBXBuildFile; fileRef = 7D30AC871F5FC7F100C6A724 /* Main.storyboard */; };
		7D30AC8B1F5FC7F100C6A724 /* Assets.xcassets in Resources */ = {isa = PBXBuildFile; fileRef = 7D30AC8A1F5FC7F100C6A724 /* Assets.xcassets */; };
		7D30AC8E1F5FC7F100C6A724 /* LaunchScreen.storyboard in Resources */ = {isa = PBXBuildFile; fileRef = 7D30AC8C1F5FC7F100C6A724 /* LaunchScreen.storyboard */; };
		7D30AC991F5FC7F100C6A724 /* BSFinanceTests.m in Sources */ = {isa = PBXBuildFile; fileRef = 7D30AC981F5FC7F100C6A724 /* BSFinanceTests.m */; };
		7D30ACA41F5FC7F100C6A724 /* BSFinanceUITests.m in Sources */ = {isa = PBXBuildFile; fileRef = 7D30ACA31F5FC7F100C6A724 /* BSFinanceUITests.m */; };
		7D30ACBA1F5FC97400C6A724 /* FinanceViewVHomeController.m in Sources */ = {isa = PBXBuildFile; fileRef = 7D30ACB41F5FC97400C6A724 /* FinanceViewVHomeController.m */; };
		7D30ACBD1F5FCA0000C6A724 /* NewCenterController.m in Sources */ = {isa = PBXBuildFile; fileRef = 7D30ACBC1F5FCA0000C6A724 /* NewCenterController.m */; };
		7D30ACC01F5FCA2A00C6A724 /* FinanceMyController.m in Sources */ = {isa = PBXBuildFile; fileRef = 7D30ACBF1F5FCA2A00C6A724 /* FinanceMyController.m */; };
		7D30ACC31F5FCA9A00C6A724 /* UIKit.framework in Frameworks */ = {isa = PBXBuildFile; fileRef = 7D30ACC21F5FCA9A00C6A724 /* UIKit.framework */; };
		7D30ACC61F5FCCDD00C6A724 /* BSTabBarController.m in Sources */ = {isa = PBXBuildFile; fileRef = 7D30ACC51F5FCCDD00C6A724 /* BSTabBarController.m */; };
		7D30ACC81F5FCD7600C6A724 /* Foundation.framework in Frameworks */ = {isa = PBXBuildFile; fileRef = 7D30ACC71F5FCD7600C6A724 /* Foundation.framework */; };
		7D30ACCB1F5FD07D00C6A724 /* DengLuViewController.m in Sources */ = {isa = PBXBuildFile; fileRef = 7D30ACCA1F5FD07D00C6A724 /* DengLuViewController.m */; };
		7DECA7E31F67B59D00F22BE2 /* ddddViewController.m in Sources */ = {isa = PBXBuildFile; fileRef = 7DECA7E21F67B59D00F22BE2 /* ddddViewController.m */; };
/* End PBXBuildFile section */

/* Begin PBXContainerItemProxy section */
		7D30AC951F5FC7F100C6A724 /* PBXContainerItemProxy */ = {
			isa = PBXContainerItemProxy;
			containerPortal = 7D30AC731F5FC7F100C6A724 /* Project object */;
			proxyType = 1;
			remoteGlobalIDString = 7D30AC7A1F5FC7F100C6A724;
			remoteInfo = BSFinance;
		};
		7D30ACA01F5FC7F100C6A724 /* PBXContainerItemProxy */ = {
			isa = PBXContainerItemProxy;
			containerPortal = 7D30AC731F5FC7F100C6A724 /* Project object */;
			proxyType = 1;
			remoteGlobalIDString = 7D30AC7A1F5FC7F100C6A724;
			remoteInfo = BSFinance;
		};
/* End PBXContainerItemProxy section */

/* Begin PBXFileReference section */
		7D30AC7B1F5FC7F100C6A724 /* BSFinance.app */ = {isa = PBXFileReference; explicitFileType = wrapper.application; includeInIndex = 0; path = BSFinance.app; sourceTree = BUILT_PRODUCTS_DIR; };
		7D30AC7F1F5FC7F100C6A724 /* main.m */ = {isa = PBXFileReference; lastKnownFileType = sourcecode.c.objc; path = main.m; sourceTree = "<group>"; };
		7D30AC811F5FC7F100C6A724 /* AppDelegate.h */ = {isa = PBXFileReference; lastKnownFileType = sourcecode.c.h; path = AppDelegate.h; sourceTree = "<group>"; };
		7D30AC821F5FC7F100C6A724 /* AppDelegate.m */ = {isa = PBXFileReference; lastKnownFileType = sourcecode.c.objc; path = AppDelegate.m; sourceTree = "<group>"; };
		7D30AC881F5FC7F100C6A724 /* Base */ = {isa = PBXFileReference; lastKnownFileType = file.storyboard; name = Base; path = Base.lproj/Main.storyboard; sourceTree = "<group>"; };
		7D30AC8A1F5FC7F100C6A724 /* Assets.xcassets */ = {isa = PBXFileReference; lastKnownFileType = folder.assetcatalog; path = Assets.xcassets; sourceTree = "<group>"; };
		7D30AC8D1F5FC7F100C6A724 /* Base */ = {isa = PBXFileReference; lastKnownFileType = file.storyboard; name = Base; path = Base.lproj/LaunchScreen.storyboard; sourceTree = "<group>"; };
		7D30AC8F1F5FC7F100C6A724 /* Info.plist */ = {isa = PBXFileReference; lastKnownFileType = text.plist.xml; path = Info.plist; sourceTree = "<group>"; };
		7D30AC941F5FC7F100C6A724 /* BSFinanceTests.xctest */ = {isa = PBXFileReference; explicitFileType = wrapper.cfbundle; includeInIndex = 0; path = BSFinanceTests.xctest; sourceTree = BUILT_PRODUCTS_DIR; };
		7D30AC981F5FC7F100C6A724 /* BSFinanceTests.m */ = {isa = PBXFileReference; lastKnownFileType = sourcecode.c.objc; path = BSFinanceTests.m; sourceTree = "<group>"; };
		7D30AC9A1F5FC7F100C6A724 /* Info.plist */ = {isa = PBXFileReference; lastKnownFileType = text.plist.xml; path = Info.plist; sourceTree = "<group>"; };
		7D30AC9F1F5FC7F100C6A724 /* BSFinanceUITests.xctest */ = {isa = PBXFileReference; explicitFileType = wrapper.cfbundle; includeInIndex = 0; path = BSFinanceUITests.xctest; sourceTree = BUILT_PRODUCTS_DIR; };
		7D30ACA31F5FC7F100C6A724 /* BSFinanceUITests.m */ = {isa = PBXFileReference; lastKnownFileType = sourcecode.c.objc; path = BSFinanceUITests.m; sourceTree = "<group>"; };
		7D30ACA51F5FC7F100C6A724 /* Info.plist */ = {isa = PBXFileReference; lastKnownFileType = text.plist.xml; path = Info.plist; sourceTree = "<group>"; };
		7D30ACB11F5FC90B00C6A724 /* PrefixHeader.pch */ = {isa = PBXFileReference; lastKnownFileType = sourcecode.c.h; path = PrefixHeader.pch; sourceTree = "<group>"; };
		7D30ACB31F5FC97400C6A724 /* FinanceViewVHomeController.h */ = {isa = PBXFileReference; fileEncoding = 4; lastKnownFileType = sourcecode.c.h; path = FinanceViewVHomeController.h; sourceTree = "<group>"; };
		7D30ACB41F5FC97400C6A724 /* FinanceViewVHomeController.m */ = {isa = PBXFileReference; fileEncoding = 4; lastKnownFileType = sourcecode.c.objc; path = FinanceViewVHomeController.m; sourceTree = "<group>"; };
		7D30ACBB1F5FCA0000C6A724 /* NewCenterController.h */ = {isa = PBXFileReference; fileEncoding = 4; lastKnownFileType = sourcecode.c.h; path = NewCenterController.h; sourceTree = "<group>"; };
		7D30ACBC1F5FCA0000C6A724 /* NewCenterController.m */ = {isa = PBXFileReference; fileEncoding = 4; lastKnownFileType = sourcecode.c.objc; path = NewCenterController.m; sourceTree = "<group>"; };
		7D30ACBE1F5FCA2A00C6A724 /* FinanceMyController.h */ = {isa = PBXFileReference; fileEncoding = 4; lastKnownFileType = sourcecode.c.h; path = FinanceMyController.h; sourceTree = "<group>"; };
		7D30ACBF1F5FCA2A00C6A724 /* FinanceMyController.m */ = {isa = PBXFileReference; fileEncoding = 4; lastKnownFileType = sourcecode.c.objc; path = FinanceMyController.m; sourceTree = "<group>"; };
		7D30ACC21F5FCA9A00C6A724 /* UIKit.framework */ = {isa = PBXFileReference; lastKnownFileType = wrapper.framework; name = UIKit.framework; path = System/Library/Frameworks/UIKit.framework; sourceTree = SDKROOT; };
		7D30ACC41F5FCCDD00C6A724 /* BSTabBarController.h */ = {isa = PBXFileReference; fileEncoding = 4; lastKnownFileType = sourcecode.c.h; path = BSTabBarController.h; sourceTree = "<group>"; };
		7D30ACC51F5FCCDD00C6A724 /* BSTabBarController.m */ = {isa = PBXFileReference; fileEncoding = 4; lastKnownFileType = sourcecode.c.objc; path = BSTabBarController.m; sourceTree = "<group>"; };
		7D30ACC71F5FCD7600C6A724 /* Foundation.framework */ = {isa = PBXFileReference; lastKnownFileType = wrapper.framework; name = Foundation.framework; path = System/Library/Frameworks/Foundation.framework; sourceTree = SDKROOT; };
		7D30ACC91F5FD07D00C6A724 /* DengLuViewController.h */ = {isa = PBXFileReference; fileEncoding = 4; lastKnownFileType = sourcecode.c.h; path = DengLuViewController.h; sourceTree = "<group>"; };
		7D30ACCA1F5FD07D00C6A724 /* DengLuViewController.m */ = {isa = PBXFileReference; fileEncoding = 4; lastKnownFileType = sourcecode.c.objc; path = DengLuViewController.m; sourceTree = "<group>"; };
		7DECA7E11F67B59D00F22BE2 /* ddddViewController.h */ = {isa = PBXFileReference; fileEncoding = 4; lastKnownFileType = sourcecode.c.h; path = ddddViewController.h; sourceTree = "<group>"; };
		7DECA7E21F67B59D00F22BE2 /* ddddViewController.m */ = {isa = PBXFileReference; fileEncoding = 4; lastKnownFileType = sourcecode.c.objc; path = ddddViewController.m; sourceTree = "<group>"; };
/* End PBXFileReference section */

/* Begin PBXFrameworksBuildPhase section */
		7D30AC781F5FC7F100C6A724 /* Frameworks */ = {
			isa = PBXFrameworksBuildPhase;
			buildActionMask = 2147483647;
			files = (
				7D30ACC81F5FCD7600C6A724 /* Foundation.framework in Frameworks */,
				7D30ACC31F5FCA9A00C6A724 /* UIKit.framework in Frameworks */,
			);
			runOnlyForDeploymentPostprocessing = 0;
		};
		7D30AC911F5FC7F100C6A724 /* Frameworks */ = {
			isa = PBXFrameworksBuildPhase;
			buildActionMask = 2147483647;
			files = (
			);
			runOnlyForDeploymentPostprocessing = 0;
		};
		7D30AC9C1F5FC7F100C6A724 /* Frameworks */ = {
			isa = PBXFrameworksBuildPhase;
			buildActionMask = 2147483647;
			files = (
			);
			runOnlyForDeploymentPostprocessing = 0;
		};
/* End PBXFrameworksBuildPhase section */

/* Begin PBXGroup section */
		7D30AC721F5FC7F100C6A724 = {
			isa = PBXGroup;
			children = (
				7DECA7E01F67B3A300F22BE2 /* 未命名文件夹 */,
				7D30AC7D1F5FC7F100C6A724 /* BSFinance */,
				7D30ACB21F5FC97400C6A724 /* FinanceHome */,
				7D30ACB51F5FC97400C6A724 /* FinanceNewCenter */,
				7D30ACB71F5FC97400C6A724 /* FinanecMy */,
				7D30ACB61F5FC97400C6A724 /* FinanceOther */,
				7D30ACB81F5FC97400C6A724 /* images */,
				7D30ACB91F5FC97400C6A724 /* Libs */,
				7D30AC971F5FC7F100C6A724 /* BSFinanceTests */,
				7D30ACA21F5FC7F100C6A724 /* BSFinanceUITests */,
				7D30AC7C1F5FC7F100C6A724 /* Products */,
				7D30ACC11F5FCA9A00C6A724 /* Frameworks */,
			);
			sourceTree = "<group>";
		};
		7D30AC7C1F5FC7F100C6A724 /* Products */ = {
			isa = PBXGroup;
			children = (
				7D30AC7B1F5FC7F100C6A724 /* BSFinance.app */,
				7D30AC941F5FC7F100C6A724 /* BSFinanceTests.xctest */,
				7D30AC9F1F5FC7F100C6A724 /* BSFinanceUITests.xctest */,
			);
			name = Products;
			sourceTree = "<group>";
		};
		7D30AC7D1F5FC7F100C6A724 /* BSFinance */ = {
			isa = PBXGroup;
			children = (
				7D30AC811F5FC7F100C6A724 /* AppDelegate.h */,
				7D30AC821F5FC7F100C6A724 /* AppDelegate.m */,
				7D30ACC41F5FCCDD00C6A724 /* BSTabBarController.h */,
				7D30ACC51F5FCCDD00C6A724 /* BSTabBarController.m */,
				7D30ACB11F5FC90B00C6A724 /* PrefixHeader.pch */,
				7D30AC7E1F5FC7F100C6A724 /* Supporting Files */,
			);
			path = BSFinance;
			sourceTree = "<group>";
		};
		7D30AC7E1F5FC7F100C6A724 /* Supporting Files */ = {
			isa = PBXGroup;
			children = (
				7D30AC8A1F5FC7F100C6A724 /* Assets.xcassets */,
				7D30AC871F5FC7F100C6A724 /* Main.storyboard */,
				7D30AC8C1F5FC7F100C6A724 /* LaunchScreen.storyboard */,
				7D30AC8F1F5FC7F100C6A724 /* Info.plist */,
				7D30AC7F1F5FC7F100C6A724 /* main.m */,
			);
			name = "Supporting Files";
			sourceTree = "<group>";
		};
		7D30AC971F5FC7F100C6A724 /* BSFinanceTests */ = {
			isa = PBXGroup;
			children = (
				7D30AC981F5FC7F100C6A724 /* BSFinanceTests.m */,
				7D30AC9A1F5FC7F100C6A724 /* Info.plist */,
			);
			path = BSFinanceTests;
			sourceTree = "<group>";
		};
		7D30ACA21F5FC7F100C6A724 /* BSFinanceUITests */ = {
			isa = PBXGroup;
			children = (
				7D30ACA31F5FC7F100C6A724 /* BSFinanceUITests.m */,
				7D30ACA51F5FC7F100C6A724 /* Info.plist */,
			);
			path = BSFinanceUITests;
			sourceTree = "<group>";
		};
		7D30ACB21F5FC97400C6A724 /* FinanceHome */ = {
			isa = PBXGroup;
			children = (
				7D30ACB31F5FC97400C6A724 /* FinanceViewVHomeController.h */,
				7D30ACB41F5FC97400C6A724 /* FinanceViewVHomeController.m */,
			);
			path = FinanceHome;
			sourceTree = "<group>";
		};
		7D30ACB51F5FC97400C6A724 /* FinanceNewCenter */ = {
			isa = PBXGroup;
			children = (
				7D30ACBB1F5FCA0000C6A724 /* NewCenterController.h */,
				7D30ACBC1F5FCA0000C6A724 /* NewCenterController.m */,
			);
			path = FinanceNewCenter;
			sourceTree = "<group>";
		};
		7D30ACB61F5FC97400C6A724 /* FinanceOther */ = {
			isa = PBXGroup;
			children = (
				7D30ACC91F5FD07D00C6A724 /* DengLuViewController.h */,
				7D30ACCA1F5FD07D00C6A724 /* DengLuViewController.m */,
			);
			path = FinanceOther;
			sourceTree = "<group>";
		};
		7D30ACB71F5FC97400C6A724 /* FinanecMy */ = {
			isa = PBXGroup;
			children = (
				7D30ACBE1F5FCA2A00C6A724 /* FinanceMyController.h */,
				7D30ACBF1F5FCA2A00C6A724 /* FinanceMyController.m */,
			);
			path = FinanecMy;
			sourceTree = "<group>";
		};
		7D30ACB81F5FC97400C6A724 /* images */ = {
			isa = PBXGroup;
			children = (
			);
			path = images;
			sourceTree = "<group>";
		};
		7D30ACB91F5FC97400C6A724 /* Libs */ = {
			isa = PBXGroup;
			children = (
			);
			path = Libs;
			sourceTree = "<group>";
		};
		7D30ACC11F5FCA9A00C6A724 /* Frameworks */ = {
			isa = PBXGroup;
			children = (
				7D30ACC71F5FCD7600C6A724 /* Foundation.framework */,
				7D30ACC21F5FCA9A00C6A724 /* UIKit.framework */,
			);
			name = Frameworks;
			sourceTree = "<group>";
		};
		7DECA7E01F67B3A300F22BE2 /* 未命名文件夹 */ = {
			isa = PBXGroup;
			children = (
				7DECA7E11F67B59D00F22BE2 /* ddddViewController.h */,
				7DECA7E21F67B59D00F22BE2 /* ddddViewController.m */,
			);
			path = "未命名文件夹";
			sourceTree = "<group>";
		};
/* End PBXGroup section */

/* Begin PBXNativeTarget section */
		7D30AC7A1F5FC7F100C6A724 /* BSFinance */ = {
			isa = PBXNativeTarget;
			buildConfigurationList = 7D30ACA81F5FC7F100C6A724 /* Build configuration list for PBXNativeTarget "BSFinance" */;
			buildPhases = (
				7D30AC771F5FC7F100C6A724 /* Sources */,
				7D30AC781F5FC7F100C6A724 /* Frameworks */,
				7D30AC791F5FC7F100C6A724 /* Resources */,
			);
			buildRules = (
			);
			dependencies = (
			);
			name = BSFinance;
			productName = BSFinance;
			productReference = 7D30AC7B1F5FC7F100C6A724 /* BSFinance.app */;
			productType = "com.apple.product-type.application";
		};
		7D30AC931F5FC7F100C6A724 /* BSFinanceTests */ = {
			isa = PBXNativeTarget;
			buildConfigurationList = 7D30ACAB1F5FC7F100C6A724 /* Build configuration list for PBXNativeTarget "BSFinanceTests" */;
			buildPhases = (
				7D30AC901F5FC7F100C6A724 /* Sources */,
				7D30AC911F5FC7F100C6A724 /* Frameworks */,
				7D30AC921F5FC7F100C6A724 /* Resources */,
			);
			buildRules = (
			);
			dependencies = (
				7D30AC961F5FC7F100C6A724 /* PBXTargetDependency */,
			);
			name = BSFinanceTests;
			productName = BSFinanceTests;
			productReference = 7D30AC941F5FC7F100C6A724 /* BSFinanceTests.xctest */;
			productType = "com.apple.product-type.bundle.unit-test";
		};
		7D30AC9E1F5FC7F100C6A724 /* BSFinanceUITests */ = {
			isa = PBXNativeTarget;
			buildConfigurationList = 7D30ACAE1F5FC7F100C6A724 /* Build configuration list for PBXNativeTarget "BSFinanceUITests" */;
			buildPhases = (
				7D30AC9B1F5FC7F100C6A724 /* Sources */,
				7D30AC9C1F5FC7F100C6A724 /* Frameworks */,
				7D30AC9D1F5FC7F100C6A724 /* Resources */,
			);
			buildRules = (
			);
			dependencies = (
				7D30ACA11F5FC7F100C6A724 /* PBXTargetDependency */,
			);
			name = BSFinanceUITests;
			productName = BSFinanceUITests;
			productReference = 7D30AC9F1F5FC7F100C6A724 /* BSFinanceUITests.xctest */;
			productType = "com.apple.product-type.bundle.ui-testing";
		};
/* End PBXNativeTarget section */

/* Begin PBXProject section */
		7D30AC731F5FC7F100C6A724 /* Project object */ = {
			isa = PBXProject;
			attributes = {
				LastUpgradeCheck = 0830;
				ORGANIZATIONNAME = BScompany;
				TargetAttributes = {
					7D30AC7A1F5FC7F100C6A724 = {
						CreatedOnToolsVersion = 8.3.3;
						ProvisioningStyle = Automatic;
					};
					7D30AC931F5FC7F100C6A724 = {
						CreatedOnToolsVersion = 8.3.3;
						ProvisioningStyle = Automatic;
						TestTargetID = 7D30AC7A1F5FC7F100C6A724;
					};
					7D30AC9E1F5FC7F100C6A724 = {
						CreatedOnToolsVersion = 8.3.3;
						ProvisioningStyle = Automatic;
						TestTargetID = 7D30AC7A1F5FC7F100C6A724;
					};
				};
			};
			buildConfigurationList = 7D30AC761F5FC7F100C6A724 /* Build configuration list for PBXProject "BSFinance" */;
			compatibilityVersion = "Xcode 3.2";
			developmentRegion = English;
			hasScannedForEncodings = 0;
			knownRegions = (
				en,
				Base,
			);
			mainGroup = 7D30AC721F5FC7F100C6A724;
			productRefGroup = 7D30AC7C1F5FC7F100C6A724 /* Products */;
			projectDirPath = "";
			projectRoot = "";
			targets = (
				7D30AC7A1F5FC7F100C6A724 /* BSFinance */,
				7D30AC931F5FC7F100C6A724 /* BSFinanceTests */,
				7D30AC9E1F5FC7F100C6A724 /* BSFinanceUITests */,
			);
		};
/* End PBXProject section */

/* Begin PBXResourcesBuildPhase section */
		7D30AC791F5FC7F100C6A724 /* Resources */ = {
			isa = PBXResourcesBuildPhase;
			buildActionMask = 2147483647;
			files = (
				7D30AC8E1F5FC7F100C6A724 /* LaunchScreen.storyboard in Resources */,
				7D30AC8B1F5FC7F100C6A724 /* Assets.xcassets in Resources */,
				7D30AC891F5FC7F100C6A724 /* Main.storyboard in Resources */,
			);
			runOnlyForDeploymentPostprocessing = 0;
		};
		7D30AC921F5FC7F100C6A724 /* Resources */ = {
			isa = PBXResourcesBuildPhase;
			buildActionMask = 2147483647;
			files = (
			);
			runOnlyForDeploymentPostprocessing = 0;
		};
		7D30AC9D1F5FC7F100C6A724 /* Resources */ = {
			isa = PBXResourcesBuildPhase;
			buildActionMask = 2147483647;
			files = (
			);
			runOnlyForDeploymentPostprocessing = 0;
		};
/* End PBXResourcesBuildPhase section */

/* Begin PBXSourcesBuildPhase section */
		7D30AC771F5FC7F100C6A724 /* Sources */ = {
			isa = PBXSourcesBuildPhase;
			buildActionMask = 2147483647;
			files = (
				7D30AC831F5FC7F100C6A724 /* AppDelegate.m in Sources */,
				7D30ACCB1F5FD07D00C6A724 /* DengLuViewController.m in Sources */,
				7D30ACBA1F5FC97400C6A724 /* FinanceViewVHomeController.m in Sources */,
				7D30ACC61F5FCCDD00C6A724 /* BSTabBarController.m in Sources */,
				7D30AC801F5FC7F100C6A724 /* main.m in Sources */,
				7D30ACC01F5FCA2A00C6A724 /* FinanceMyController.m in Sources */,
				7DECA7E31F67B59D00F22BE2 /* ddddViewController.m in Sources */,
				7D30ACBD1F5FCA0000C6A724 /* NewCenterController.m in Sources */,
			);
			runOnlyForDeploymentPostprocessing = 0;
		};
		7D30AC901F5FC7F100C6A724 /* Sources */ = {
			isa = PBXSourcesBuildPhase;
			buildActionMask = 2147483647;
			files = (
				7D30AC991F5FC7F100C6A724 /* BSFinanceTests.m in Sources */,
			);
			runOnlyForDeploymentPostprocessing = 0;
		};
		7D30AC9B1F5FC7F100C6A724 /* Sources */ = {
			isa = PBXSourcesBuildPhase;
			buildActionMask = 2147483647;
			files = (
				7D30ACA41F5FC7F100C6A724 /* BSFinanceUITests.m in Sources */,
			);
			runOnlyForDeploymentPostprocessing = 0;
		};
/* End PBXSourcesBuildPhase section */

/* Begin PBXTargetDependency section */
		7D30AC961F5FC7F100C6A724 /* PBXTargetDependency */ = {
			isa = PBXTargetDependency;
			target = 7D30AC7A1F5FC7F100C6A724 /* BSFinance */;
			targetProxy = 7D30AC951F5FC7F100C6A724 /* PBXContainerItemProxy */;
		};
		7D30ACA11F5FC7F100C6A724 /* PBXTargetDependency */ = {
			isa = PBXTargetDependency;
			target = 7D30AC7A1F5FC7F100C6A724 /* BSFinance */;
			targetProxy = 7D30ACA01F5FC7F100C6A724 /* PBXContainerItemProxy */;
		};
/* End PBXTargetDependency section */

/* Begin PBXVariantGroup section */
		7D30AC871F5FC7F100C6A724 /* Main.storyboard */ = {
			isa = PBXVariantGroup;
			children = (
				7D30AC881F5FC7F100C6A724 /* Base */,
			);
			name = Main.storyboard;
			sourceTree = "<group>";
		};
		7D30AC8C1F5FC7F100C6A724 /* LaunchScreen.storyboard */ = {
			isa = PBXVariantGroup;
			children = (
				7D30AC8D1F5FC7F100C6A724 /* Base */,
			);
			name = LaunchScreen.storyboard;
			sourceTree = "<group>";
		};
/* End PBXVariantGroup section */

/* Begin XCBuildConfiguration section */
		7D30ACA61F5FC7F100C6A724 /* Debug */ = {
			isa = XCBuildConfiguration;
			buildSettings = {
				ALWAYS_SEARCH_USER_PATHS = NO;
				CLANG_ANALYZER_NONNULL = YES;
				CLANG_ANALYZER_NUMBER_OBJECT_CONVERSION = YES_AGGRESSIVE;
				CLANG_CXX_LANGUAGE_STANDARD = "gnu++0x";
				CLANG_CXX_LIBRARY = "libc++";
				CLANG_ENABLE_MODULES = YES;
				CLANG_ENABLE_OBJC_ARC = YES;
				CLANG_WARN_BOOL_CONVERSION = YES;
				CLANG_WARN_CONSTANT_CONVERSION = YES;
				CLANG_WARN_DIRECT_OBJC_ISA_USAGE = YES_ERROR;
				CLANG_WARN_DOCUMENTATION_COMMENTS = YES;
				CLANG_WARN_EMPTY_BODY = YES;
				CLANG_WARN_ENUM_CONVERSION = YES;
				CLANG_WARN_INFINITE_RECURSION = YES;
				CLANG_WARN_INT_CONVERSION = YES;
				CLANG_WARN_OBJC_ROOT_CLASS = YES_ERROR;
				CLANG_WARN_SUSPICIOUS_MOVE = YES;
				CLANG_WARN_UNREACHABLE_CODE = YES;
				CLANG_WARN__DUPLICATE_METHOD_MATCH = YES;
				"CODE_SIGN_IDENTITY[sdk=iphoneos*]" = "iPhone Developer";
				COPY_PHASE_STRIP = NO;
				DEBUG_INFORMATION_FORMAT = dwarf;
				ENABLE_STRICT_OBJC_MSGSEND = YES;
				ENABLE_TESTABILITY = YES;
				GCC_C_LANGUAGE_STANDARD = gnu99;
				GCC_DYNAMIC_NO_PIC = NO;
				GCC_NO_COMMON_BLOCKS = YES;
				GCC_OPTIMIZATION_LEVEL = 0;
				GCC_PREPROCESSOR_DEFINITIONS = (
					"DEBUG=1",
					"$(inherited)",
				);
				GCC_WARN_64_TO_32_BIT_CONVERSION = YES;
				GCC_WARN_ABOUT_RETURN_TYPE = YES_ERROR;
				GCC_WARN_UNDECLARED_SELECTOR = YES;
				GCC_WARN_UNINITIALIZED_AUTOS = YES_AGGRESSIVE;
				GCC_WARN_UNUSED_FUNCTION = YES;
				GCC_WARN_UNUSED_VARIABLE = YES;
				IPHONEOS_DEPLOYMENT_TARGET = 10.3;
				MTL_ENABLE_DEBUG_INFO = YES;
				ONLY_ACTIVE_ARCH = YES;
				SDKROOT = iphoneos;
				TARGETED_DEVICE_FAMILY = "1,2";
			};
			name = Debug;
		};
		7D30ACA71F5FC7F100C6A724 /* Release */ = {
			isa = XCBuildConfiguration;
			buildSettings = {
				ALWAYS_SEARCH_USER_PATHS = NO;
				CLANG_ANALYZER_NONNULL = YES;
				CLANG_ANALYZER_NUMBER_OBJECT_CONVERSION = YES_AGGRESSIVE;
				CLANG_CXX_LANGUAGE_STANDARD = "gnu++0x";
				CLANG_CXX_LIBRARY = "libc++";
				CLANG_ENABLE_MODULES = YES;
				CLANG_ENABLE_OBJC_ARC = YES;
				CLANG_WARN_BOOL_CONVERSION = YES;
				CLANG_WARN_CONSTANT_CONVERSION = YES;
				CLANG_WARN_DIRECT_OBJC_ISA_USAGE = YES_ERROR;
				CLANG_WARN_DOCUMENTATION_COMMENTS = YES;
				CLANG_WARN_EMPTY_BODY = YES;
				CLANG_WARN_ENUM_CONVERSION = YES;
				CLANG_WARN_INFINITE_RECURSION = YES;
				CLANG_WARN_INT_CONVERSION = YES;
				CLANG_WARN_OBJC_ROOT_CLASS = YES_ERROR;
				CLANG_WARN_SUSPICIOUS_MOVE = YES;
				CLANG_WARN_UNREACHABLE_CODE = YES;
				CLANG_WARN__DUPLICATE_METHOD_MATCH = YES;
				"CODE_SIGN_IDENTITY[sdk=iphoneos*]" = "iPhone Developer";
				COPY_PHASE_STRIP = NO;
				DEBUG_INFORMATION_FORMAT = "dwarf-with-dsym";
				ENABLE_NS_ASSERTIONS = NO;
				ENABLE_STRICT_OBJC_MSGSEND = YES;
				GCC_C_LANGUAGE_STANDARD = gnu99;
				GCC_NO_COMMON_BLOCKS = YES;
				GCC_WARN_64_TO_32_BIT_CONVERSION = YES;
				GCC_WARN_ABOUT_RETURN_TYPE = YES_ERROR;
				GCC_WARN_UNDECLARED_SELECTOR = YES;
				GCC_WARN_UNINITIALIZED_AUTOS = YES_AGGRESSIVE;
				GCC_WARN_UNUSED_FUNCTION = YES;
				GCC_WARN_UNUSED_VARIABLE = YES;
				IPHONEOS_DEPLOYMENT_TARGET = 10.3;
				MTL_ENABLE_DEBUG_INFO = NO;
				SDKROOT = iphoneos;
				TARGETED_DEVICE_FAMILY = "1,2";
				VALIDATE_PRODUCT = YES;
			};
			name = Release;
		};
		7D30ACA91F5FC7F100C6A724 /* Debug */ = {
			isa = XCBuildConfiguration;
			buildSettings = {
				ASSETCATALOG_COMPILER_APPICON_NAME = AppIcon;
				ENABLE_BITCODE = NO;
				INFOPLIST_FILE = BSFinance/Info.plist;
				IPHONEOS_DEPLOYMENT_TARGET = 8.0;
				LD_RUNPATH_SEARCH_PATHS = "$(inherited) @executable_path/Frameworks";
				PRODUCT_BUNDLE_IDENTIFIER = com.BScompany.BSFinance;
				PRODUCT_NAME = "$(TARGET_NAME)";
			};
			name = Debug;
		};
		7D30ACAA1F5FC7F100C6A724 /* Release */ = {
			isa = XCBuildConfiguration;
			buildSettings = {
				ASSETCATALOG_COMPILER_APPICON_NAME = AppIcon;
				ENABLE_BITCODE = NO;
				INFOPLIST_FILE = BSFinance/Info.plist;
				IPHONEOS_DEPLOYMENT_TARGET = 8.0;
				LD_RUNPATH_SEARCH_PATHS = "$(inherited) @executable_path/Frameworks";
				PRODUCT_BUNDLE_IDENTIFIER = com.BScompany.BSFinance;
				PRODUCT_NAME = "$(TARGET_NAME)";
			};
			name = Release;
		};
		7D30ACAC1F5FC7F100C6A724 /* Debug */ = {
			isa = XCBuildConfiguration;
			buildSettings = {
				BUNDLE_LOADER = "$(TEST_HOST)";
				INFOPLIST_FILE = BSFinanceTests/Info.plist;
				LD_RUNPATH_SEARCH_PATHS = "$(inherited) @executable_path/Frameworks @loader_path/Frameworks";
				PRODUCT_BUNDLE_IDENTIFIER = com.BScompany.BSFinanceTests;
				PRODUCT_NAME = "$(TARGET_NAME)";
				TEST_HOST = "$(BUILT_PRODUCTS_DIR)/BSFinance.app/BSFinance";
			};
			name = Debug;
		};
		7D30ACAD1F5FC7F100C6A724 /* Release */ = {
			isa = XCBuildConfiguration;
			buildSettings = {
				BUNDLE_LOADER = "$(TEST_HOST)";
				INFOPLIST_FILE = BSFinanceTests/Info.plist;
				LD_RUNPATH_SEARCH_PATHS = "$(inherited) @executable_path/Frameworks @loader_path/Frameworks";
				PRODUCT_BUNDLE_IDENTIFIER = com.BScompany.BSFinanceTests;
				PRODUCT_NAME = "$(TARGET_NAME)";
				TEST_HOST = "$(BUILT_PRODUCTS_DIR)/BSFinance.app/BSFinance";
			};
			name = Release;
		};
		7D30ACAF1F5FC7F100C6A724 /* Debug */ = {
			isa = XCBuildConfiguration;
			buildSettings = {
				INFOPLIST_FILE = BSFinanceUITests/Info.plist;
				LD_RUNPATH_SEARCH_PATHS = "$(inherited) @executable_path/Frameworks @loader_path/Frameworks";
				PRODUCT_BUNDLE_IDENTIFIER = com.BScompany.BSFinanceUITests;
				PRODUCT_NAME = "$(TARGET_NAME)";
				TEST_TARGET_NAME = BSFinance;
			};
			name = Debug;
		};
		7D30ACB01F5FC7F100C6A724 /* Release */ = {
			isa = XCBuildConfiguration;
			buildSettings = {
				INFOPLIST_FILE = BSFinanceUITests/Info.plist;
				LD_RUNPATH_SEARCH_PATHS = "$(inherited) @executable_path/Frameworks @loader_path/Frameworks";
				PRODUCT_BUNDLE_IDENTIFIER = com.BScompany.BSFinanceUITests;
				PRODUCT_NAME = "$(TARGET_NAME)";
				TEST_TARGET_NAME = BSFinance;
			};
			name = Release;
		};
/* End XCBuildConfiguration section */

/* Begin XCConfigurationList section */
		7D30AC761F5FC7F100C6A724 /* Build configuration list for PBXProject "BSFinance" */ = {
			isa = XCConfigurationList;
			buildConfigurations = (
				7D30ACA61F5FC7F100C6A724 /* Debug */,
				7D30ACA71F5FC7F100C6A724 /* Release */,
			);
			defaultConfigurationIsVisible = 0;
			defaultConfigurationName = Release;
		};
		7D30ACA81F5FC7F100C6A724 /* Build configuration list for PBXNativeTarget "BSFinance" */ = {
			isa = XCConfigurationList;
			buildConfigurations = (
				7D30ACA91F5FC7F100C6A724 /* Debug */,
				7D30ACAA1F5FC7F100C6A724 /* Release */,
			);
			defaultConfigurationIsVisible = 0;
			defaultConfigurationName = Release;
		};
		7D30ACAB1F5FC7F100C6A724 /* Build configuration list for PBXNativeTarget "BSFinanceTests" */ = {
			isa = XCConfigurationList;
			buildConfigurations = (
				7D30ACAC1F5FC7F100C6A724 /* Debug */,
				7D30ACAD1F5FC7F100C6A724 /* Release */,
			);
			defaultConfigurationIsVisible = 0;
			defaultConfigurationName = Release;
		};
		7D30ACAE1F5FC7F100C6A724 /* Build configuration list for PBXNativeTarget "BSFinanceUITests" */ = {
			isa = XCConfigurationList;
			buildConfigurations = (
				7D30ACAF1F5FC7F100C6A724 /* Debug */,
				7D30ACB01F5FC7F100C6A724 /* Release */,
			);
			defaultConfigurationIsVisible = 0;
			defaultConfigurationName = Release;
		};
/* End XCConfigurationList section */
	};
	rootObject = 7D30AC731F5FC7F100C6A724 /* Project object */;
}
